
Microsoft Visual Studio Solution File, Format Version 12.00
# Visual Studio Version 16
VisualStudioVersion = 16.0.31729.503
MinimumVisualStudioVersion = 10.0.40219.1
Project("{FAE04EC0-301F-11D3-BF4B-00C04F79EFBC}") = "L13_EBEAM_1200922", "L13_EBEAM_1200922.csproj", "{7B63CE5C-8B37-4BF4-9ABE-A10F725AA492}"
EndProject
Global
	GlobalSection(SolutionConfigurationPlatforms) = preSolution
		Debug|Any CPU = Debug|Any CPU
		Release|Any CPU = Release|Any CPU
	EndGlobalSection
	GlobalSection(ProjectConfigurationPlatforms) = postSolution
		{7B63CE5C-8B37-4BF4-9ABE-A10F725AA492}.Debug|Any CPU.ActiveCfg = Debug|Any CPU
		{7B63CE5C-8B37-4BF4-9ABE-A10F725AA492}.Debug|Any CPU.Build.0 = Debug|Any CPU
		{7B63CE5C-8B37-4BF4-9ABE-A10F725AA492}.Release|Any CPU.ActiveCfg = Release|Any CPU
		{7B63CE5C-8B37-4BF4-9ABE-A10F725AA492}.Release|Any CPU.Build.0 = Release|Any CPU
	EndGlobalSection
	GlobalSection(SolutionProperties) = preSolution
		HideSolutionNode = FALSE
	EndGlobalSection
	GlobalSection(ExtensibilityGlobals) = postSolution
		SolutionGuid = {E29F1F63-8704-4B61-8405-DAC6DB9D2868}
	EndGlobalSection
EndGlobal
